
Microsoft Visual Studio Solution File, Format Version 12.00
# Visual Studio 15
VisualStudioVersion = 15.0.28307.136
MinimumVisualStudioVersion = 10.0.40219.1
Project("{FAE04EC0-301F-11D3-BF4B-00C04F79EFBC}") = "GeneratingTimeSeries", "GeneratingTimeSeries\GeneratingTimeSeries.csproj", "{A2E12ACF-E18F-4F28-874B-7E7371043385}"
EndProject
Project("{FAE04EC0-301F-11D3-BF4B-00C04F79EFBC}") = "Model", "Model\Model.csproj", "{7A088365-3F40-4A89-9272-5539814E0053}"
EndProject
Global
	GlobalSection(SolutionConfigurationPlatforms) = preSolution
		Debug|Any CPU = Debug|Any CPU
		Release|Any CPU = Release|Any CPU
	EndGlobalSection
	GlobalSection(ProjectConfigurationPlatforms) = postSolution
		{A2E12ACF-E18F-4F28-874B-7E7371043385}.Debug|Any CPU.ActiveCfg = Debug|Any CPU
		{A2E12ACF-E18F-4F28-874B-7E7371043385}.Debug|Any CPU.Build.0 = Debug|Any CPU
		{A2E12ACF-E18F-4F28-874B-7E7371043385}.Release|Any CPU.ActiveCfg = Release|Any CPU
		{A2E12ACF-E18F-4F28-874B-7E7371043385}.Release|Any CPU.Build.0 = Release|Any CPU
		{7A088365-3F40-4A89-9272-5539814E0053}.Debug|Any CPU.ActiveCfg = Debug|Any CPU
		{7A088365-3F40-4A89-9272-5539814E0053}.Debug|Any CPU.Build.0 = Debug|Any CPU
		{7A088365-3F40-4A89-9272-5539814E0053}.Release|Any CPU.ActiveCfg = Release|Any CPU
		{7A088365-3F40-4A89-9272-5539814E0053}.Release|Any CPU.Build.0 = Release|Any CPU
	EndGlobalSection
	GlobalSection(SolutionProperties) = preSolution
		HideSolutionNode = FALSE
	EndGlobalSection
	GlobalSection(ExtensibilityGlobals) = postSolution
		SolutionGuid = {D209A1F2-1650-4E12-96E7-7ADC505C0896}
	EndGlobalSection
EndGlobal
